{
  "requires": true,
  "lockfileVersion": 1,
  "dependencies": {
    "customizable-analog-clock": {
      "version": "1.0.1",
      "resolved": "https://registry.npmjs.org/customizable-analog-clock/-/customizable-analog-clock-1.0.1.tgz",
      "integrity": "sha512-vckDjhXuj1dPrzGHpeUv3YFoFwkHRohBJKr7VXqxmGRabvWz7REtdhPMLkZEliypnPAne8vwySqz8btRxgjk7Q=="
    }
  }
}
